PODS:
  - Alamofire (4.8.2)
  - JASON (3.1)
  - JSQCoreDataKit (8.0.0)
  - ObjectMapper (3.4.2)
  - PKHUD (5.2.1)
  - RxAlamofire (4.3.0):
    - RxAlamofire/Core (= 4.3.0)
  - RxAlamofire/Core (4.3.0):
    - Alamofire (~> 4.5)
    - RxSwift (~> 4)
  - RxCocoa (4.3.1):
    - RxSwift (~> 4.0)
  - RxCoreData (0.5.1):
    - RxSwift (~> 4.3.1)
  - RxGesture (2.0.1):
    - RxCocoa (~> 4.3.1)
    - RxSwift (~> 4.3.1)
  - RxMKMapView (4.3.0):
    - RxCocoa (~> 4.3)
    - RxSwift (~> 4.3)
  - RxSwift (4.3.1)

DEPENDENCIES:
  - Alamofire
  - JASON
  - JSQCoreDataKit
  - ObjectMapper
  - PKHUD
  - RxAlamofire
  - RxCoreData
  - RxGesture
  - RxMKMapView
  - RxSwift

SPEC REPOS:
  https://github.com/cocoapods/specs.git:
    - Alamofire
    - JASON
    - JSQCoreDataKit
    - ObjectMapper
    - PKHUD
    - RxAlamofire
    - RxCocoa
    - RxCoreData
    - RxGesture
    - RxMKMapView
    - RxSwift

SPEC CHECKSUMS:
  Alamofire: ae5c501addb7afdbb13687d7f2f722c78734c2d3
  JASON: c1204b01c9979eef35b6948ca939aac5e7bef081
  JSQCoreDataKit: 249565dd1b0a5842cfff812b22739b099924a2cb
  ObjectMapper: 0d4402610f4e468903ae64629eec4784531e5c51
  PKHUD: 4e6162c4c39ac367c6934e9855c6b4762ee16256
  RxAlamofire: 09624d0f2d48ed8b686e4eb4cf68e28cbd2df556
  RxCocoa: 78763c7b07d02455598d9fc3c1ad091a28b73635
  RxCoreData: fb535b9a617e9d84305b0e626fdac8162cd4b4bb
  RxGesture: 26ede4ed13ffc6336d29dbd9a8dff229bdb72de7
  RxMKMapView: 71f1a69a5e3b889662a6ec430006324974418d0c
  RxSwift: fe0fd770a43acdb7d0a53da411c9b892e69bb6e4

PODFILE CHECKSUM: 4e330434756f66a2f0259c35bbfb86dfc1af0473

COCOAPODS: 1.6.1
